
Microsoft Visual Studio Solution File, Format Version 12.00
# Visual Studio Version 17
VisualStudioVersion = 17.3.32811.315
MinimumVisualStudioVersion = 10.0.40219.1
Project("{FAE04EC0-301F-11D3-BF4B-00C04F79EFBC}") = "phuong_KtraFE", "phuong_KtraFE\phuong_KtraFE.csproj", "{B4C2AAFE-23C0-49D2-AE03-643EE39B15BF}"
EndProject
Global
	GlobalSection(SolutionConfigurationPlatforms) = preSolution
		Debug|Any CPU = Debug|Any CPU
		Release|Any CPU = Release|Any CPU
	EndGlobalSection
	GlobalSection(ProjectConfigurationPlatforms) = postSolution
		{B4C2AAFE-23C0-49D2-AE03-643EE39B15BF}.Debug|Any CPU.ActiveCfg = Debug|Any CPU
		{B4C2AAFE-23C0-49D2-AE03-643EE39B15BF}.Debug|Any CPU.Build.0 = Debug|Any CPU
		{B4C2AAFE-23C0-49D2-AE03-643EE39B15BF}.Release|Any CPU.ActiveCfg = Release|Any CPU
		{B4C2AAFE-23C0-49D2-AE03-643EE39B15BF}.Release|Any CPU.Build.0 = Release|Any CPU
	EndGlobalSection
	GlobalSection(SolutionProperties) = preSolution
		HideSolutionNode = FALSE
	EndGlobalSection
	GlobalSection(ExtensibilityGlobals) = postSolution
		SolutionGuid = {2110ED47-0A32-48B4-BCEE-15F81D485A9A}
	EndGlobalSection
EndGlobal
